lockfileVersion: '9.0'

settings:
  autoInstallPeers: true
  excludeLinksFromLockfile: false

importers:

  .:
    devDependencies:
      '@vue-mini/core':
        specifier: ^1.2.0
        version: 1.2.0

packages:

  '@vue-mini/core@1.2.0':
    resolution: {integrity: sha512-8ZJ8RJnJbWNELDteljokbdVzCD2+kTdC4jHg1/viUVou6kWaC0SACvOde7IX6lmPlYWfOGEZKr9Ff44ORPeJmQ==}

  '@vue/reactivity@3.5.12':
    resolution: {integrity: sha512-UzaN3Da7xnJXdz4Okb/BGbAaomRHc3RdoWqTzlvd9+WBR5m3J39J1fGcHes7U3za0ruYn/iYy/a1euhMEHvTAg==}

  '@vue/shared@3.5.12':
    resolution: {integrity: sha512-L2RPSAwUFbgZH20etwrXyVyCBu9OxRSi8T/38QsvnkJyvq2LufW2lDCOzm7t/U9C1mkhJGWYfCuFBCmIuNivrg==}

  miniprogram-api-typings@4.0.1:
    resolution: {integrity: sha512-Ok4SSNCYnNLgbAhHCpIeqx6XICZ3aUxZ2iQDExmwKEinWaQQFzzxobK5JP9skrEOWn9PoKodjw4iUdF8Um0i/A==}

snapshots:

  '@vue-mini/core@1.2.0':
    dependencies:
      '@vue/reactivity': 3.5.12
      miniprogram-api-typings: 4.0.1

  '@vue/reactivity@3.5.12':
    dependencies:
      '@vue/shared': 3.5.12

  '@vue/shared@3.5.12': {}

  miniprogram-api-typings@4.0.1: {}
